
Microsoft Visual Studio Solution File, Format Version 12.00
# Visual Studio Version 17
VisualStudioVersion = 17.5.33502.453
MinimumVisualStudioVersion = 10.0.40219.1
Project("{FAE04EC0-301F-11D3-BF4B-00C04F79EFBC}") = "WebApi", "WebApi\WebApi.csproj", "{977E4545-29EF-4BEB-817C-85EC4F27E45C}"
EndProject
Project("{FAE04EC0-301F-11D3-BF4B-00C04F79EFBC}") = "Infrastructure", "Infrastructure\Infrastructure.csproj", "{93D4839A-2DAA-4A19-B49C-93818BC0088D}"
EndProject
Project("{FAE04EC0-301F-11D3-BF4B-00C04F79EFBC}") = "Application", "Application\Application.csproj", "{3F2AC305-7361-458B-98A5-6A946B37AB44}"
EndProject
Project("{FAE04EC0-301F-11D3-BF4B-00C04F79EFBC}") = "Domain", "Domain\Domain.csproj", "{16317D6E-7B02-4DBA-9704-C701FB4AB2AF}"
EndProject
Global
	GlobalSection(SolutionConfigurationPlatforms) = preSolution
		Debug|Any CPU = Debug|Any CPU
		Release|Any CPU = Release|Any CPU
	EndGlobalSection
	GlobalSection(ProjectConfigurationPlatforms) = postSolution
		{977E4545-29EF-4BEB-817C-85EC4F27E45C}.Debug|Any CPU.ActiveCfg = Debug|Any CPU
		{977E4545-29EF-4BEB-817C-85EC4F27E45C}.Debug|Any CPU.Build.0 = Debug|Any CPU
		{977E4545-29EF-4BEB-817C-85EC4F27E45C}.Release|Any CPU.ActiveCfg = Release|Any CPU
		{977E4545-29EF-4BEB-817C-85EC4F27E45C}.Release|Any CPU.Build.0 = Release|Any CPU
		{93D4839A-2DAA-4A19-B49C-93818BC0088D}.Debug|Any CPU.ActiveCfg = Debug|Any CPU
		{93D4839A-2DAA-4A19-B49C-93818BC0088D}.Debug|Any CPU.Build.0 = Debug|Any CPU
		{93D4839A-2DAA-4A19-B49C-93818BC0088D}.Release|Any CPU.ActiveCfg = Release|Any CPU
		{93D4839A-2DAA-4A19-B49C-93818BC0088D}.Release|Any CPU.Build.0 = Release|Any CPU
		{3F2AC305-7361-458B-98A5-6A946B37AB44}.Debug|Any CPU.ActiveCfg = Debug|Any CPU
		{3F2AC305-7361-458B-98A5-6A946B37AB44}.Debug|Any CPU.Build.0 = Debug|Any CPU
		{3F2AC305-7361-458B-98A5-6A946B37AB44}.Release|Any CPU.ActiveCfg = Release|Any CPU
		{3F2AC305-7361-458B-98A5-6A946B37AB44}.Release|Any CPU.Build.0 = Release|Any CPU
		{16317D6E-7B02-4DBA-9704-C701FB4AB2AF}.Debug|Any CPU.ActiveCfg = Debug|Any CPU
		{16317D6E-7B02-4DBA-9704-C701FB4AB2AF}.Debug|Any CPU.Build.0 = Debug|Any CPU
		{16317D6E-7B02-4DBA-9704-C701FB4AB2AF}.Release|Any CPU.ActiveCfg = Release|Any CPU
		{16317D6E-7B02-4DBA-9704-C701FB4AB2AF}.Release|Any CPU.Build.0 = Release|Any CPU
	EndGlobalSection
	GlobalSection(SolutionProperties) = preSolution
		HideSolutionNode = FALSE
	EndGlobalSection
	GlobalSection(ExtensibilityGlobals) = postSolution
		SolutionGuid = {79012AFD-2B53-45AA-B72A-12F93B2086C6}
	EndGlobalSection
EndGlobal
